
Microsoft Visual Studio Solution File, Format Version 12.00
# Visual Studio Version 17
VisualStudioVersion = 17.3.32901.215
MinimumVisualStudioVersion = 10.0.40219.1
Project("{FAE04EC0-301F-11D3-BF4B-00C04F79EFBC}") = "ZeroHungerProject", "ZeroHungerProject\ZeroHungerProject.csproj", "{7CDD679C-5AF9-4B63-A8E9-601A338917DB}"
EndProject
Global
	GlobalSection(SolutionConfigurationPlatforms) = preSolution
		Debug|Any CPU = Debug|Any CPU
		Release|Any CPU = Release|Any CPU
	EndGlobalSection
	GlobalSection(ProjectConfigurationPlatforms) = postSolution
		{7CDD679C-5AF9-4B63-A8E9-601A338917DB}.Debug|Any CPU.ActiveCfg = Debug|Any CPU
		{7CDD679C-5AF9-4B63-A8E9-601A338917DB}.Debug|Any CPU.Build.0 = Debug|Any CPU
		{7CDD679C-5AF9-4B63-A8E9-601A338917DB}.Release|Any CPU.ActiveCfg = Release|Any CPU
		{7CDD679C-5AF9-4B63-A8E9-601A338917DB}.Release|Any CPU.Build.0 = Release|Any CPU
	EndGlobalSection
	GlobalSection(SolutionProperties) = preSolution
		HideSolutionNode = FALSE
	EndGlobalSection
	GlobalSection(ExtensibilityGlobals) = postSolution
		SolutionGuid = {CFEA6616-D880-420C-8B75-388C7E7476F4}
	EndGlobalSection
EndGlobal
